
Microsoft Visual Studio Solution File, Format Version 10.00
# Visual Studio 2008
Project("{FAE04EC0-301F-11D3-BF4B-00C04F79EFBC}") = "DawnBrowser", "DawnBrowser\DawnBrowser.csproj", "{7B8BF9E1-EFE8-453F-B6C6-B3194DF0F097}"
EndProject
Global
	GlobalSection(SolutionConfigurationPlatforms) = preSolution
		Debug|Any CPU = Debug|Any CPU
		Release|Any CPU = Release|Any CPU
	EndGlobalSection
	GlobalSection(ProjectConfigurationPlatforms) = postSolution
		{7B8BF9E1-EFE8-453F-B6C6-B3194DF0F097}.Debug|Any CPU.ActiveCfg = Debug|Any CPU
		{7B8BF9E1-EFE8-453F-B6C6-B3194DF0F097}.Debug|Any CPU.Build.0 = Debug|Any CPU
		{7B8BF9E1-EFE8-453F-B6C6-B3194DF0F097}.Release|Any CPU.ActiveCfg = Release|Any CPU
		{7B8BF9E1-EFE8-453F-B6C6-B3194DF0F097}.Release|Any CPU.Build.0 = Release|Any CPU
	EndGlobalSection
	GlobalSection(SolutionProperties) = preSolution
		HideSolutionNode = FALSE
	EndGlobalSection
EndGlobal
